# This file is automatically @generated by Cargo.
# It is not intended for manual editing.
[[package]]
name = "1"
version = "0.1.0"

[[package]]
name = "10a"
version = "0.1.0"

[[package]]
name = "10b"
version = "0.1.0"

[[package]]
name = "2a"
version = "0.1.0"

[[package]]
name = "2b"
version = "0.1.0"

[[package]]
name = "3"
version = "0.1.0"

[[package]]
name = "4a"
version = "0.1.0"

[[package]]
name = "4b"
version = "0.1.0"

[[package]]
name = "5"
version = "0.1.0"

[[package]]
name = "6a"
version = "0.1.0"

[[package]]
name = "6b"
version = "0.1.0"

[[package]]
name = "7a"
version = "0.1.0"

[[package]]
name = "7b"
version = "0.1.0"

[[package]]
name = "8a"
version = "0.1.0"

[[package]]
name = "8b"
version = "0.1.0"

[[package]]
name = "9a"
version = "0.1.0"

